PODS:
  - AudioKit (4.7.1):
    - AudioKit/Core (= 4.7.1)
    - AudioKit/UI (= 4.7.1)
  - AudioKit/Core (4.7.1)
  - AudioKit/UI (4.7.1):
    - AudioKit/Core

DEPENDENCIES:
  - AudioKit

SPEC REPOS:
  https://github.com/cocoapods/specs.git:
    - AudioKit

SPEC CHECKSUMS:
  AudioKit: fb42378fbe950033462b47efe3643c108698ba03

PODFILE CHECKSUM: bf36f24867006df775e3a876d57af8ed1dc8ace7

COCOAPODS: 1.7.0.beta.3
